
Microsoft Visual Studio Solution File, Format Version 12.00
# Visual Studio Version 17
VisualStudioVersion = 17.0.31903.59
MinimumVisualStudioVersion = 10.0.40219.1
Project("{2150E333-8FDC-42A3-9474-1A3956D46DE8}") = "semestre3", "semestre3", "{37E8258D-2C5E-4993-8D06-74AF6BDD787F}"
EndProject
Project("{2150E333-8FDC-42A3-9474-1A3956D46DE8}") = "dudarts", "dudarts", "{3A5D875F-123A-4ECF-9ADB-CD5E9B08A98E}"
EndProject
Project("{2150E333-8FDC-42A3-9474-1A3956D46DE8}") = "projeto", "projeto", "{681A59E9-A61E-415A-B453-67881372FDA3}"
EndProject
Project("{FAE04EC0-301F-11D3-BF4B-00C04F79EFBC}") = "sistema_veiculos", "semestre3\dudarts\projeto\sistema_veiculos\sistema_veiculos.csproj", "{8CB21BBD-4C4F-4ACA-8067-2A5C1517F692}"
EndProject
Project("{FAE04EC0-301F-11D3-BF4B-00C04F79EFBC}") = "EscolaApp", "semestre3\dudarts\EscolaApp\EscolaApp.csproj", "{B570451B-D79E-4FAD-BAB2-D36C309B395A}"
EndProject
Project("{2150E333-8FDC-42A3-9474-1A3956D46DE8}") = "lista-00", "lista-00", "{187E9847-C8CE-4D30-BAA6-620806F04054}"
EndProject
Project("{FAE04EC0-301F-11D3-BF4B-00C04F79EFBC}") = "Lista-00", "semestre3\dudarts\lista-00\Lista-00\Lista-00.csproj", "{210720A1-821A-4476-826B-ADEF2242E03F}"
EndProject
Project("{FAE04EC0-301F-11D3-BF4B-00C04F79EFBC}") = "lista-02", "semestre3\dudarts\lista-02\lista-02.csproj", "{A44DA2F8-B30B-4D53-BCB9-32DAD61A12CC}"
EndProject
Project("{FAE04EC0-301F-11D3-BF4B-00C04F79EFBC}") = "ExerciciosApp", "semestre3\dudarts\ExerciciosApp\ExerciciosApp.csproj", "{98F0682E-3030-497F-AE75-508D7495D912}"
EndProject
Global
	GlobalSection(SolutionConfigurationPlatforms) = preSolution
		Debug|Any CPU = Debug|Any CPU
		Release|Any CPU = Release|Any CPU
	EndGlobalSection
	GlobalSection(SolutionProperties) = preSolution
		HideSolutionNode = FALSE
	EndGlobalSection
	GlobalSection(ProjectConfigurationPlatforms) = postSolution
		{8CB21BBD-4C4F-4ACA-8067-2A5C1517F692}.Debug|Any CPU.ActiveCfg = Debug|Any CPU
		{8CB21BBD-4C4F-4ACA-8067-2A5C1517F692}.Debug|Any CPU.Build.0 = Debug|Any CPU
		{8CB21BBD-4C4F-4ACA-8067-2A5C1517F692}.Release|Any CPU.ActiveCfg = Release|Any CPU
		{8CB21BBD-4C4F-4ACA-8067-2A5C1517F692}.Release|Any CPU.Build.0 = Release|Any CPU
		{B570451B-D79E-4FAD-BAB2-D36C309B395A}.Debug|Any CPU.ActiveCfg = Debug|Any CPU
		{B570451B-D79E-4FAD-BAB2-D36C309B395A}.Debug|Any CPU.Build.0 = Debug|Any CPU
		{B570451B-D79E-4FAD-BAB2-D36C309B395A}.Release|Any CPU.ActiveCfg = Release|Any CPU
		{B570451B-D79E-4FAD-BAB2-D36C309B395A}.Release|Any CPU.Build.0 = Release|Any CPU
		{210720A1-821A-4476-826B-ADEF2242E03F}.Debug|Any CPU.ActiveCfg = Debug|Any CPU
		{210720A1-821A-4476-826B-ADEF2242E03F}.Debug|Any CPU.Build.0 = Debug|Any CPU
		{210720A1-821A-4476-826B-ADEF2242E03F}.Release|Any CPU.ActiveCfg = Release|Any CPU
		{210720A1-821A-4476-826B-ADEF2242E03F}.Release|Any CPU.Build.0 = Release|Any CPU
		{A44DA2F8-B30B-4D53-BCB9-32DAD61A12CC}.Debug|Any CPU.ActiveCfg = Debug|Any CPU
		{A44DA2F8-B30B-4D53-BCB9-32DAD61A12CC}.Debug|Any CPU.Build.0 = Debug|Any CPU
		{A44DA2F8-B30B-4D53-BCB9-32DAD61A12CC}.Release|Any CPU.ActiveCfg = Release|Any CPU
		{A44DA2F8-B30B-4D53-BCB9-32DAD61A12CC}.Release|Any CPU.Build.0 = Release|Any CPU
		{98F0682E-3030-497F-AE75-508D7495D912}.Debug|Any CPU.ActiveCfg = Debug|Any CPU
		{98F0682E-3030-497F-AE75-508D7495D912}.Debug|Any CPU.Build.0 = Debug|Any CPU
		{98F0682E-3030-497F-AE75-508D7495D912}.Release|Any CPU.ActiveCfg = Release|Any CPU
		{98F0682E-3030-497F-AE75-508D7495D912}.Release|Any CPU.Build.0 = Release|Any CPU
	EndGlobalSection
	GlobalSection(NestedProjects) = preSolution
		{3A5D875F-123A-4ECF-9ADB-CD5E9B08A98E} = {37E8258D-2C5E-4993-8D06-74AF6BDD787F}
		{681A59E9-A61E-415A-B453-67881372FDA3} = {3A5D875F-123A-4ECF-9ADB-CD5E9B08A98E}
		{8CB21BBD-4C4F-4ACA-8067-2A5C1517F692} = {681A59E9-A61E-415A-B453-67881372FDA3}
		{B570451B-D79E-4FAD-BAB2-D36C309B395A} = {3A5D875F-123A-4ECF-9ADB-CD5E9B08A98E}
		{187E9847-C8CE-4D30-BAA6-620806F04054} = {3A5D875F-123A-4ECF-9ADB-CD5E9B08A98E}
		{210720A1-821A-4476-826B-ADEF2242E03F} = {187E9847-C8CE-4D30-BAA6-620806F04054}
		{A44DA2F8-B30B-4D53-BCB9-32DAD61A12CC} = {3A5D875F-123A-4ECF-9ADB-CD5E9B08A98E}
		{98F0682E-3030-497F-AE75-508D7495D912} = {3A5D875F-123A-4ECF-9ADB-CD5E9B08A98E}
	EndGlobalSection
EndGlobal
